// !$*UTF8*$!
{
	archiveVersion = 1;
	classes = {
	};
	objectVersion = 56;
	objects = {

/* Begin PBXBuildFile section */
		C7445A4E2A72558A00E98ED4 /* OptimaDisplay-Book.ttf in Resources */ = {isa = PBXBuildFile; fileRef = C7445A462A72558A00E98ED4 /* OptimaDisplay-Book.ttf */; };
		C7445A4F2A72558A00E98ED4 /* OptimaDisplay-Book.ttf in Resources */ = {isa = PBXBuildFile; fileRef = C7445A462A72558A00E98ED4 /* OptimaDisplay-Book.ttf */; };
		C7445A502A72558A00E98ED4 /* OptimaDisplay-Book.ttf in Resources */ = {isa = PBXBuildFile; fileRef = C7445A462A72558A00E98ED4 /* OptimaDisplay-Book.ttf */; };
		C7445A512A72558A00E98ED4 /* OptimaDisplay-UltraLight.ttf in Resources */ = {isa = PBXBuildFile; fileRef = C7445A472A72558A00E98ED4 /* OptimaDisplay-UltraLight.ttf */; };
		C7445A522A72558A00E98ED4 /* OptimaDisplay-UltraLight.ttf in Resources */ = {isa = PBXBuildFile; fileRef = C7445A472A72558A00E98ED4 /* OptimaDisplay-UltraLight.ttf */; };
		C7445A532A72558A00E98ED4 /* OptimaDisplay-UltraLight.ttf in Resources */ = {isa = PBXBuildFile; fileRef = C7445A472A72558A00E98ED4 /* OptimaDisplay-UltraLight.ttf */; };
		C7445A542A72558A00E98ED4 /* OptimaEL-Text.ttf in Resources */ = {isa = PBXBuildFile; fileRef = C7445A482A72558A00E98ED4 /* OptimaEL-Text.ttf */; };
		C7445A552A72558A00E98ED4 /* OptimaEL-Text.ttf in Resources */ = {isa = PBXBuildFile; fileRef = C7445A482A72558A00E98ED4 /* OptimaEL-Text.ttf */; };
		C7445A562A72558A00E98ED4 /* OptimaEL-Text.ttf in Resources */ = {isa = PBXBuildFile; fileRef = C7445A482A72558A00E98ED4 /* OptimaEL-Text.ttf */; };
		C7445A572A72558A00E98ED4 /* AkzidenzGroteskBQ-Reg.ttf in Resources */ = {isa = PBXBuildFile; fileRef = C7445A492A72558A00E98ED4 /* AkzidenzGroteskBQ-Reg.ttf */; };
		C7445A582A72558A00E98ED4 /* AkzidenzGroteskBQ-Reg.ttf in Resources */ = {isa = PBXBuildFile; fileRef = C7445A492A72558A00E98ED4 /* AkzidenzGroteskBQ-Reg.ttf */; };
		C7445A592A72558A00E98ED4 /* AkzidenzGroteskBQ-Reg.ttf in Resources */ = {isa = PBXBuildFile; fileRef = C7445A492A72558A00E98ED4 /* AkzidenzGroteskBQ-Reg.ttf */; };
		C7445A5A2A72558A00E98ED4 /* OptimaDisplay-Roman.ttf in Resources */ = {isa = PBXBuildFile; fileRef = C7445A4A2A72558A00E98ED4 /* OptimaDisplay-Roman.ttf */; };
		C7445A5B2A72558A00E98ED4 /* OptimaDisplay-Roman.ttf in Resources */ = {isa = PBXBuildFile; fileRef = C7445A4A2A72558A00E98ED4 /* OptimaDisplay-Roman.ttf */; };
		C7445A5C2A72558A00E98ED4 /* OptimaDisplay-Roman.ttf in Resources */ = {isa = PBXBuildFile; fileRef = C7445A4A2A72558A00E98ED4 /* OptimaDisplay-Roman.ttf */; };
		C7445A5D2A72558A00E98ED4 /* OptimaDisplay-Light.ttf in Resources */ = {isa = PBXBuildFile; fileRef = C7445A4B2A72558A00E98ED4 /* OptimaDisplay-Light.ttf */; };
		C7445A5E2A72558A00E98ED4 /* OptimaDisplay-Light.ttf in Resources */ = {isa = PBXBuildFile; fileRef = C7445A4B2A72558A00E98ED4 /* OptimaDisplay-Light.ttf */; };
		C7445A5F2A72558A00E98ED4 /* OptimaDisplay-Light.ttf in Resources */ = {isa = PBXBuildFile; fileRef = C7445A4B2A72558A00E98ED4 /* OptimaDisplay-Light.ttf */; };
		C7445A602A72558A00E98ED4 /* AkzidenzGroteskBQ-Bold.ttf in Resources */ = {isa = PBXBuildFile; fileRef = C7445A4C2A72558A00E98ED4 /* AkzidenzGroteskBQ-Bold.ttf */; };
		C7445A612A72558A00E98ED4 /* AkzidenzGroteskBQ-Bold.ttf in Resources */ = {isa = PBXBuildFile; fileRef = C7445A4C2A72558A00E98ED4 /* AkzidenzGroteskBQ-Bold.ttf */; };
		C7445A622A72558A00E98ED4 /* AkzidenzGroteskBQ-Bold.ttf in Resources */ = {isa = PBXBuildFile; fileRef = C7445A4C2A72558A00E98ED4 /* AkzidenzGroteskBQ-Bold.ttf */; };
		C7445A632A72558A00E98ED4 /* OptimaEL-Roman.ttf in Resources */ = {isa = PBXBuildFile; fileRef = C7445A4D2A72558A00E98ED4 /* OptimaEL-Roman.ttf */; };
		C7445A642A72558A00E98ED4 /* OptimaEL-Roman.ttf in Resources */ = {isa = PBXBuildFile; fileRef = C7445A4D2A72558A00E98ED4 /* OptimaEL-Roman.ttf */; };
		C7445A652A72558A00E98ED4 /* OptimaEL-Roman.ttf in Resources */ = {isa = PBXBuildFile; fileRef = C7445A4D2A72558A00E98ED4 /* OptimaEL-Roman.ttf */; };
		C74933EB2A723268000C0BCD /* Estee_LauderApp.swift in Sources */ = {isa = PBXBuildFile; fileRef = C74933EA2A723268000C0BCD /* Estee_LauderApp.swift */; };
		C74933EF2A72326A000C0BCD /* Assets.xcassets in Resources */ = {isa = PBXBuildFile; fileRef = C74933EE2A72326A000C0BCD /* Assets.xcassets */; };
		C74933F22A72326A000C0BCD /* Preview Assets.xcassets in Resources */ = {isa = PBXBuildFile; fileRef = C74933F12A72326A000C0BCD /* Preview Assets.xcassets */; };
		C74933FC2A72326A000C0BCD /* Estee_LauderTests.swift in Sources */ = {isa = PBXBuildFile; fileRef = C74933FB2A72326A000C0BCD /* Estee_LauderTests.swift */; };
		C74934062A72326A000C0BCD /* Estee_LauderUITests.swift in Sources */ = {isa = PBXBuildFile; fileRef = C74934052A72326A000C0BCD /* Estee_LauderUITests.swift */; };
		C74934082A72326A000C0BCD /* Estee_LauderUITestsLaunchTests.swift in Sources */ = {isa = PBXBuildFile; fileRef = C74934072A72326A000C0BCD /* Estee_LauderUITestsLaunchTests.swift */; };
		C74934162A723CEB000C0BCD /* Product.swift in Sources */ = {isa = PBXBuildFile; fileRef = C74934152A723CEB000C0BCD /* Product.swift */; };
		C74934192A7241E3000C0BCD /* ProductCard.swift in Sources */ = {isa = PBXBuildFile; fileRef = C74934182A7241E3000C0BCD /* ProductCard.swift */; };
		C7809A082A73429200BF474E /* ContentsView.swift in Sources */ = {isa = PBXBuildFile; fileRef = C7809A072A73429200BF474E /* ContentsView.swift */; };
		C7809A0C2A73585700BF474E /* CartButtom.swift in Sources */ = {isa = PBXBuildFile; fileRef = C7809A0B2A73585700BF474E /* CartButtom.swift */; };
/* End PBXBuildFile section */

/* Begin PBXContainerItemProxy section */
		C74933F82A72326A000C0BCD /* PBXContainerItemProxy */ = {
			isa = PBXContainerItemProxy;
			containerPortal = C74933DF2A723268000C0BCD /* Project object */;
			proxyType = 1;
			remoteGlobalIDString = C74933E62A723268000C0BCD;
			remoteInfo = "Estee Lauder";
		};
		C74934022A72326A000C0BCD /* PBXContainerItemProxy */ = {
			isa = PBXContainerItemProxy;
			containerPortal = C74933DF2A723268000C0BCD /* Project object */;
			proxyType = 1;
			remoteGlobalIDString = C74933E62A723268000C0BCD;
			remoteInfo = "Estee Lauder";
		};
/* End PBXContainerItemProxy section */

/* Begin PBXFileReference section */
		C7445A462A72558A00E98ED4 /* OptimaDisplay-Book.ttf */ = {isa = PBXFileReference; lastKnownFileType = file; path = "OptimaDisplay-Book.ttf"; sourceTree = "<group>"; };
		C7445A472A72558A00E98ED4 /* OptimaDisplay-UltraLight.ttf */ = {isa = PBXFileReference; lastKnownFileType = file; path = "OptimaDisplay-UltraLight.ttf"; sourceTree = "<group>"; };
		C7445A482A72558A00E98ED4 /* OptimaEL-Text.ttf */ = {isa = PBXFileReference; lastKnownFileType = file; path = "OptimaEL-Text.ttf"; sourceTree = "<group>"; };
		C7445A492A72558A00E98ED4 /* AkzidenzGroteskBQ-Reg.ttf */ = {isa = PBXFileReference; lastKnownFileType = file; path = "AkzidenzGroteskBQ-Reg.ttf"; sourceTree = "<group>"; };
		C7445A4A2A72558A00E98ED4 /* OptimaDisplay-Roman.ttf */ = {isa = PBXFileReference; lastKnownFileType = file; path = "OptimaDisplay-Roman.ttf"; sourceTree = "<group>"; };
		C7445A4B2A72558A00E98ED4 /* OptimaDisplay-Light.ttf */ = {isa = PBXFileReference; lastKnownFileType = file; path = "OptimaDisplay-Light.ttf"; sourceTree = "<group>"; };
		C7445A4C2A72558A00E98ED4 /* AkzidenzGroteskBQ-Bold.ttf */ = {isa = PBXFileReference; lastKnownFileType = file; path = "AkzidenzGroteskBQ-Bold.ttf"; sourceTree = "<group>"; };
		C7445A4D2A72558A00E98ED4 /* OptimaEL-Roman.ttf */ = {isa = PBXFileReference; lastKnownFileType = file; path = "OptimaEL-Roman.ttf"; sourceTree = "<group>"; };
		C7445A662A7256EE00E98ED4 /* Estee-Lauder-Info.plist */ = {isa = PBXFileReference; lastKnownFileType = text.plist; path = "Estee-Lauder-Info.plist"; sourceTree = SOURCE_ROOT; };
		C74933E72A723268000C0BCD /* Estee Lauder.app */ = {isa = PBXFileReference; explicitFileType = wrapper.application; includeInIndex = 0; path = "Estee Lauder.app"; sourceTree = BUILT_PRODUCTS_DIR; };
		C74933EA2A723268000C0BCD /* Estee_LauderApp.swift */ = {isa = PBXFileReference; lastKnownFileType = sourcecode.swift; path = Estee_LauderApp.swift; sourceTree = "<group>"; };
		C74933EE2A72326A000C0BCD /* Assets.xcassets */ = {isa = PBXFileReference; lastKnownFileType = folder.assetcatalog; path = Assets.xcassets; sourceTree = "<group>"; };
		C74933F12A72326A000C0BCD /* Preview Assets.xcassets */ = {isa = PBXFileReference; lastKnownFileType = folder.assetcatalog; path = "Preview Assets.xcassets"; sourceTree = "<group>"; };
		C74933F72A72326A000C0BCD /* Estee LauderTests.xctest */ = {isa = PBXFileReference; explicitFileType = wrapper.cfbundle; includeInIndex = 0; path = "Estee LauderTests.xctest"; sourceTree = BUILT_PRODUCTS_DIR; };
		C74933FB2A72326A000C0BCD /* Estee_LauderTests.swift */ = {isa = PBXFileReference; lastKnownFileType = sourcecode.swift; path = Estee_LauderTests.swift; sourceTree = "<group>"; };
		C74934012A72326A000C0BCD /* Estee LauderUITests.xctest */ = {isa = PBXFileReference; explicitFileType = wrapper.cfbundle; includeInIndex = 0; path = "Estee LauderUITests.xctest"; sourceTree = BUILT_PRODUCTS_DIR; };
		C74934052A72326A000C0BCD /* Estee_LauderUITests.swift */ = {isa = PBXFileReference; lastKnownFileType = sourcecode.swift; path = Estee_LauderUITests.swift; sourceTree = "<group>"; };
		C74934072A72326A000C0BCD /* Estee_LauderUITestsLaunchTests.swift */ = {isa = PBXFileReference; lastKnownFileType = sourcecode.swift; path = Estee_LauderUITestsLaunchTests.swift; sourceTree = "<group>"; };
		C74934152A723CEB000C0BCD /* Product.swift */ = {isa = PBXFileReference; lastKnownFileType = sourcecode.swift; path = Product.swift; sourceTree = "<group>"; };
		C74934182A7241E3000C0BCD /* ProductCard.swift */ = {isa = PBXFileReference; lastKnownFileType = sourcecode.swift; path = ProductCard.swift; sourceTree = "<group>"; };
		C7809A072A73429200BF474E /* ContentsView.swift */ = {isa = PBXFileReference; lastKnownFileType = sourcecode.swift; path = ContentsView.swift; sourceTree = "<group>"; };
		C7809A0B2A73585700BF474E /* CartButtom.swift */ = {isa = PBXFileReference; lastKnownFileType = sourcecode.swift; path = CartButtom.swift; sourceTree = "<group>"; };
/* End PBXFileReference section */

/* Begin PBXFrameworksBuildPhase section */
		C74933E42A723268000C0BCD /* Frameworks */ = {
			isa = PBXFrameworksBuildPhase;
			buildActionMask = 2147483647;
			files = (
			);
			runOnlyForDeploymentPostprocessing = 0;
		};
		C74933F42A72326A000C0BCD /* Frameworks */ = {
			isa = PBXFrameworksBuildPhase;
			buildActionMask = 2147483647;
			files = (
			);
			runOnlyForDeploymentPostprocessing = 0;
		};
		C74933FE2A72326A000C0BCD /* Frameworks */ = {
			isa = PBXFrameworksBuildPhase;
			buildActionMask = 2147483647;
			files = (
			);
			runOnlyForDeploymentPostprocessing = 0;
		};
/* End PBXFrameworksBuildPhase section */

/* Begin PBXGroup section */
		C7445A452A7253F800E98ED4 /* Fonts */ = {
			isa = PBXGroup;
			children = (
				C7445A4C2A72558A00E98ED4 /* AkzidenzGroteskBQ-Bold.ttf */,
				C7445A482A72558A00E98ED4 /* OptimaEL-Text.ttf */,
				C7445A4D2A72558A00E98ED4 /* OptimaEL-Roman.ttf */,
				C7445A492A72558A00E98ED4 /* AkzidenzGroteskBQ-Reg.ttf */,
				C7445A462A72558A00E98ED4 /* OptimaDisplay-Book.ttf */,
				C7445A4B2A72558A00E98ED4 /* OptimaDisplay-Light.ttf */,
				C7445A4A2A72558A00E98ED4 /* OptimaDisplay-Roman.ttf */,
				C7445A472A72558A00E98ED4 /* OptimaDisplay-UltraLight.ttf */,
			);
			path = Fonts;
			sourceTree = "<group>";
		};
		C74933DE2A723268000C0BCD = {
			isa = PBXGroup;
			children = (
				C74933E92A723268000C0BCD /* Estee Lauder */,
				C74933FA2A72326A000C0BCD /* Estee LauderTests */,
				C74934042A72326A000C0BCD /* Estee LauderUITests */,
				C74933E82A723268000C0BCD /* Products */,
			);
			sourceTree = "<group>";
		};
		C74933E82A723268000C0BCD /* Products */ = {
			isa = PBXGroup;
			children = (
				C74933E72A723268000C0BCD /* Estee Lauder.app */,
				C74933F72A72326A000C0BCD /* Estee LauderTests.xctest */,
				C74934012A72326A000C0BCD /* Estee LauderUITests.xctest */,
			);
			name = Products;
			sourceTree = "<group>";
		};
		C74933E92A723268000C0BCD /* Estee Lauder */ = {
			isa = PBXGroup;
			children = (
				C7445A662A7256EE00E98ED4 /* Estee-Lauder-Info.plist */,
				C74933EA2A723268000C0BCD /* Estee_LauderApp.swift */,
				C749341A2A724BBF000C0BCD /* Views */,
				C74934172A7241C3000C0BCD /* Components */,
				C74934142A723CB7000C0BCD /* Models */,
				C74933EE2A72326A000C0BCD /* Assets.xcassets */,
				C74933F02A72326A000C0BCD /* Preview Content */,
			);
			path = "Estee Lauder";
			sourceTree = "<group>";
		};
		C74933F02A72326A000C0BCD /* Preview Content */ = {
			isa = PBXGroup;
			children = (
				C74933F12A72326A000C0BCD /* Preview Assets.xcassets */,
			);
			path = "Preview Content";
			sourceTree = "<group>";
		};
		C74933FA2A72326A000C0BCD /* Estee LauderTests */ = {
			isa = PBXGroup;
			children = (
				C74933FB2A72326A000C0BCD /* Estee_LauderTests.swift */,
			);
			path = "Estee LauderTests";
			sourceTree = "<group>";
		};
		C74934042A72326A000C0BCD /* Estee LauderUITests */ = {
			isa = PBXGroup;
			children = (
				C74934052A72326A000C0BCD /* Estee_LauderUITests.swift */,
				C74934072A72326A000C0BCD /* Estee_LauderUITestsLaunchTests.swift */,
			);
			path = "Estee LauderUITests";
			sourceTree = "<group>";
		};
		C74934142A723CB7000C0BCD /* Models */ = {
			isa = PBXGroup;
			children = (
				C74934152A723CEB000C0BCD /* Product.swift */,
			);
			path = Models;
			sourceTree = "<group>";
		};
		C74934172A7241C3000C0BCD /* Components */ = {
			isa = PBXGroup;
			children = (
				C74934182A7241E3000C0BCD /* ProductCard.swift */,
				C7809A0B2A73585700BF474E /* CartButtom.swift */,
			);
			path = Components;
			sourceTree = "<group>";
		};
		C749341A2A724BBF000C0BCD /* Views */ = {
			isa = PBXGroup;
			children = (
				C7809A072A73429200BF474E /* ContentsView.swift */,
				C7445A452A7253F800E98ED4 /* Fonts */,
			);
			path = Views;
			sourceTree = "<group>";
		};
/* End PBXGroup section */

/* Begin PBXNativeTarget section */
		C74933E62A723268000C0BCD /* Estee Lauder */ = {
			isa = PBXNativeTarget;
			buildConfigurationList = C749340B2A72326A000C0BCD /* Build configuration list for PBXNativeTarget "Estee Lauder" */;
			buildPhases = (
				C74933E32A723268000C0BCD /* Sources */,
				C74933E42A723268000C0BCD /* Frameworks */,
				C74933E52A723268000C0BCD /* Resources */,
			);
			buildRules = (
			);
			dependencies = (
			);
			name = "Estee Lauder";
			productName = "Estee Lauder";
			productReference = C74933E72A723268000C0BCD /* Estee Lauder.app */;
			productType = "com.apple.product-type.application";
		};
		C74933F62A72326A000C0BCD /* Estee LauderTests */ = {
			isa = PBXNativeTarget;
			buildConfigurationList = C749340E2A72326A000C0BCD /* Build configuration list for PBXNativeTarget "Estee LauderTests" */;
			buildPhases = (
				C74933F32A72326A000C0BCD /* Sources */,
				C74933F42A72326A000C0BCD /* Frameworks */,
				C74933F52A72326A000C0BCD /* Resources */,
			);
			buildRules = (
			);
			dependencies = (
				C74933F92A72326A000C0BCD /* PBXTargetDependency */,
			);
			name = "Estee LauderTests";
			productName = "Estee LauderTests";
			productReference = C74933F72A72326A000C0BCD /* Estee LauderTests.xctest */;
			productType = "com.apple.product-type.bundle.unit-test";
		};
		C74934002A72326A000C0BCD /* Estee LauderUITests */ = {
			isa = PBXNativeTarget;
			buildConfigurationList = C74934112A72326A000C0BCD /* Build configuration list for PBXNativeTarget "Estee LauderUITests" */;
			buildPhases = (
				C74933FD2A72326A000C0BCD /* Sources */,
				C74933FE2A72326A000C0BCD /* Frameworks */,
				C74933FF2A72326A000C0BCD /* Resources */,
			);
			buildRules = (
			);
			dependencies = (
				C74934032A72326A000C0BCD /* PBXTargetDependency */,
			);
			name = "Estee LauderUITests";
			productName = "Estee LauderUITests";
			productReference = C74934012A72326A000C0BCD /* Estee LauderUITests.xctest */;
			productType = "com.apple.product-type.bundle.ui-testing";
		};
/* End PBXNativeTarget section */

/* Begin PBXProject section */
		C74933DF2A723268000C0BCD /* Project object */ = {
			isa = PBXProject;
			attributes = {
				BuildIndependentTargetsInParallel = 1;
				LastSwiftUpdateCheck = 1430;
				LastUpgradeCheck = 1430;
				TargetAttributes = {
					C74933E62A723268000C0BCD = {
						CreatedOnToolsVersion = 14.3.1;
					};
					C74933F62A72326A000C0BCD = {
						CreatedOnToolsVersion = 14.3.1;
						TestTargetID = C74933E62A723268000C0BCD;
					};
					C74934002A72326A000C0BCD = {
						CreatedOnToolsVersion = 14.3.1;
						TestTargetID = C74933E62A723268000C0BCD;
					};
				};
			};
			buildConfigurationList = C74933E22A723268000C0BCD /* Build configuration list for PBXProject "Estee Lauder" */;
			compatibilityVersion = "Xcode 14.0";
			developmentRegion = en;
			hasScannedForEncodings = 0;
			knownRegions = (
				en,
				Base,
			);
			mainGroup = C74933DE2A723268000C0BCD;
			productRefGroup = C74933E82A723268000C0BCD /* Products */;
			projectDirPath = "";
			projectRoot = "";
			targets = (
				C74933E62A723268000C0BCD /* Estee Lauder */,
				C74933F62A72326A000C0BCD /* Estee LauderTests */,
				C74934002A72326A000C0BCD /* Estee LauderUITests */,
			);
		};
/* End PBXProject section */

/* Begin PBXResourcesBuildPhase section */
		C74933E52A723268000C0BCD /* Resources */ = {
			isa = PBXResourcesBuildPhase;
			buildActionMask = 2147483647;
			files = (
				C7445A5D2A72558A00E98ED4 /* OptimaDisplay-Light.ttf in Resources */,
				C7445A632A72558A00E98ED4 /* OptimaEL-Roman.ttf in Resources */,
				C7445A5A2A72558A00E98ED4 /* OptimaDisplay-Roman.ttf in Resources */,
				C7445A4E2A72558A00E98ED4 /* OptimaDisplay-Book.ttf in Resources */,
				C7445A512A72558A00E98ED4 /* OptimaDisplay-UltraLight.ttf in Resources */,
				C7445A602A72558A00E98ED4 /* AkzidenzGroteskBQ-Bold.ttf in Resources */,
				C7445A542A72558A00E98ED4 /* OptimaEL-Text.ttf in Resources */,
				C74933F22A72326A000C0BCD /* Preview Assets.xcassets in Resources */,
				C7445A572A72558A00E98ED4 /* AkzidenzGroteskBQ-Reg.ttf in Resources */,
				C74933EF2A72326A000C0BCD /* Assets.xcassets in Resources */,
			);
			runOnlyForDeploymentPostprocessing = 0;
		};
		C74933F52A72326A000C0BCD /* Resources */ = {
			isa = PBXResourcesBuildPhase;
			buildActionMask = 2147483647;
			files = (
				C7445A612A72558A00E98ED4 /* AkzidenzGroteskBQ-Bold.ttf in Resources */,
				C7445A5E2A72558A00E98ED4 /* OptimaDisplay-Light.ttf in Resources */,
				C7445A4F2A72558A00E98ED4 /* OptimaDisplay-Book.ttf in Resources */,
				C7445A642A72558A00E98ED4 /* OptimaEL-Roman.ttf in Resources */,
				C7445A552A72558A00E98ED4 /* OptimaEL-Text.ttf in Resources */,
				C7445A5B2A72558A00E98ED4 /* OptimaDisplay-Roman.ttf in Resources */,
				C7445A582A72558A00E98ED4 /* AkzidenzGroteskBQ-Reg.ttf in Resources */,
				C7445A522A72558A00E98ED4 /* OptimaDisplay-UltraLight.ttf in Resources */,
			);
			runOnlyForDeploymentPostprocessing = 0;
		};
		C74933FF2A72326A000C0BCD /* Resources */ = {
			isa = PBXResourcesBuildPhase;
			buildActionMask = 2147483647;
			files = (
				C7445A622A72558A00E98ED4 /* AkzidenzGroteskBQ-Bold.ttf in Resources */,
				C7445A5F2A72558A00E98ED4 /* OptimaDisplay-Light.ttf in Resources */,
				C7445A502A72558A00E98ED4 /* OptimaDisplay-Book.ttf in Resources */,
				C7445A652A72558A00E98ED4 /* OptimaEL-Roman.ttf in Resources */,
				C7445A562A72558A00E98ED4 /* OptimaEL-Text.ttf in Resources */,
				C7445A5C2A72558A00E98ED4 /* OptimaDisplay-Roman.ttf in Resources */,
				C7445A592A72558A00E98ED4 /* AkzidenzGroteskBQ-Reg.ttf in Resources */,
				C7445A532A72558A00E98ED4 /* OptimaDisplay-UltraLight.ttf in Resources */,
			);
			runOnlyForDeploymentPostprocessing = 0;
		};
/* End PBXResourcesBuildPhase section */

/* Begin PBXSourcesBuildPhase section */
		C74933E32A723268000C0BCD /* Sources */ = {
			isa = PBXSourcesBuildPhase;
			buildActionMask = 2147483647;
			files = (
				C74933EB2A723268000C0BCD /* Estee_LauderApp.swift in Sources */,
				C7809A082A73429200BF474E /* ContentsView.swift in Sources */,
				C74934162A723CEB000C0BCD /* Product.swift in Sources */,
				C74934192A7241E3000C0BCD /* ProductCard.swift in Sources */,
				C7809A0C2A73585700BF474E /* CartButtom.swift in Sources */,
			);
			runOnlyForDeploymentPostprocessing = 0;
		};
		C74933F32A72326A000C0BCD /* Sources */ = {
			isa = PBXSourcesBuildPhase;
			buildActionMask = 2147483647;
			files = (
				C74933FC2A72326A000C0BCD /* Estee_LauderTests.swift in Sources */,
			);
			runOnlyForDeploymentPostprocessing = 0;
		};
		C74933FD2A72326A000C0BCD /* Sources */ = {
			isa = PBXSourcesBuildPhase;
			buildActionMask = 2147483647;
			files = (
				C74934082A72326A000C0BCD /* Estee_LauderUITestsLaunchTests.swift in Sources */,
				C74934062A72326A000C0BCD /* Estee_LauderUITests.swift in Sources */,
			);
			runOnlyForDeploymentPostprocessing = 0;
		};
/* End PBXSourcesBuildPhase section */

/* Begin PBXTargetDependency section */
		C74933F92A72326A000C0BCD /* PBXTargetDependency */ = {
			isa = PBXTargetDependency;
			target = C74933E62A723268000C0BCD /* Estee Lauder */;
			targetProxy = C74933F82A72326A000C0BCD /* PBXContainerItemProxy */;
		};
		C74934032A72326A000C0BCD /* PBXTargetDependency */ = {
			isa = PBXTargetDependency;
			target = C74933E62A723268000C0BCD /* Estee Lauder */;
			targetProxy = C74934022A72326A000C0BCD /* PBXContainerItemProxy */;
		};
/* End PBXTargetDependency section */

/* Begin XCBuildConfiguration section */
		C74934092A72326A000C0BCD /* Debug */ = {
			isa = XCBuildConfiguration;
			buildSettings = {
				ALWAYS_SEARCH_USER_PATHS = NO;
				CLANG_ANALYZER_NONNULL = YES;
				CLANG_ANALYZER_NUMBER_OBJECT_CONVERSION = YES_AGGRESSIVE;
				CLANG_CXX_LANGUAGE_STANDARD = "gnu++20";
				CLANG_ENABLE_MODULES = YES;
				CLANG_ENABLE_OBJC_ARC = YES;
				CLANG_ENABLE_OBJC_WEAK = YES;
				CLANG_WARN_BLOCK_CAPTURE_AUTORELEASING = YES;
				CLANG_WARN_BOOL_CONVERSION = YES;
				CLANG_WARN_COMMA = YES;
				CLANG_WARN_CONSTANT_CONVERSION = YES;
				CLANG_WARN_DEPRECATED_OBJC_IMPLEMENTATIONS = YES;
				CLANG_WARN_DIRECT_OBJC_ISA_USAGE = YES_ERROR;
				CLANG_WARN_DOCUMENTATION_COMMENTS = YES;
				CLANG_WARN_EMPTY_BODY = YES;
				CLANG_WARN_ENUM_CONVERSION = YES;
				CLANG_WARN_INFINITE_RECURSION = YES;
				CLANG_WARN_INT_CONVERSION = YES;
				CLANG_WARN_NON_LITERAL_NULL_CONVERSION = YES;
				CLANG_WARN_OBJC_IMPLICIT_RETAIN_SELF = YES;
				CLANG_WARN_OBJC_LITERAL_CONVERSION = YES;
				CLANG_WARN_OBJC_ROOT_CLASS = YES_ERROR;
				CLANG_WARN_QUOTED_INCLUDE_IN_FRAMEWORK_HEADER = YES;
				CLANG_WARN_RANGE_LOOP_ANALYSIS = YES;
				CLANG_WARN_STRICT_PROTOTYPES = YES;
				CLANG_WARN_SUSPICIOUS_MOVE = YES;
				CLANG_WARN_UNGUARDED_AVAILABILITY = YES_AGGRESSIVE;
				CLANG_WARN_UNREACHABLE_CODE = YES;
				CLANG_WARN__DUPLICATE_METHOD_MATCH = YES;
				COPY_PHASE_STRIP = NO;
				DEBUG_INFORMATION_FORMAT = dwarf;
				ENABLE_STRICT_OBJC_MSGSEND = YES;
				ENABLE_TESTABILITY = YES;
				GCC_C_LANGUAGE_STANDARD = gnu11;
				GCC_DYNAMIC_NO_PIC = NO;
				GCC_NO_COMMON_BLOCKS = YES;
				GCC_OPTIMIZATION_LEVEL = 0;
				GCC_PREPROCESSOR_DEFINITIONS = (
					"DEBUG=1",
					"$(inherited)",
				);
				GCC_WARN_64_TO_32_BIT_CONVERSION = YES;
				GCC_WARN_ABOUT_RETURN_TYPE = YES_ERROR;
				GCC_WARN_UNDECLARED_SELECTOR = YES;
				GCC_WARN_UNINITIALIZED_AUTOS = YES_AGGRESSIVE;
				GCC_WARN_UNUSED_FUNCTION = YES;
				GCC_WARN_UNUSED_VARIABLE = YES;
				IPHONEOS_DEPLOYMENT_TARGET = 16.4;
				MTL_ENABLE_DEBUG_INFO = INCLUDE_SOURCE;
				MTL_FAST_MATH = YES;
				ONLY_ACTIVE_ARCH = YES;
				SDKROOT = iphoneos;
				SWIFT_ACTIVE_COMPILATION_CONDITIONS = DEBUG;
				SWIFT_OPTIMIZATION_LEVEL = "-Onone";
			};
			name = Debug;
		};
		C749340A2A72326A000C0BCD /* Release */ = {
			isa = XCBuildConfiguration;
			buildSettings = {
				ALWAYS_SEARCH_USER_PATHS = NO;
				CLANG_ANALYZER_NONNULL = YES;
				CLANG_ANALYZER_NUMBER_OBJECT_CONVERSION = YES_AGGRESSIVE;
				CLANG_CXX_LANGUAGE_STANDARD = "gnu++20";
				CLANG_ENABLE_MODULES = YES;
				CLANG_ENABLE_OBJC_ARC = YES;
				CLANG_ENABLE_OBJC_WEAK = YES;
				CLANG_WARN_BLOCK_CAPTURE_AUTORELEASING = YES;
				CLANG_WARN_BOOL_CONVERSION = YES;
				CLANG_WARN_COMMA = YES;
				CLANG_WARN_CONSTANT_CONVERSION = YES;
				CLANG_WARN_DEPRECATED_OBJC_IMPLEMENTATIONS = YES;
				CLANG_WARN_DIRECT_OBJC_ISA_USAGE = YES_ERROR;
				CLANG_WARN_DOCUMENTATION_COMMENTS = YES;
				CLANG_WARN_EMPTY_BODY = YES;
				CLANG_WARN_ENUM_CONVERSION = YES;
				CLANG_WARN_INFINITE_RECURSION = YES;
				CLANG_WARN_INT_CONVERSION = YES;
				CLANG_WARN_NON_LITERAL_NULL_CONVERSION = YES;
				CLANG_WARN_OBJC_IMPLICIT_RETAIN_SELF = YES;
				CLANG_WARN_OBJC_LITERAL_CONVERSION = YES;
				CLANG_WARN_OBJC_ROOT_CLASS = YES_ERROR;
				CLANG_WARN_QUOTED_INCLUDE_IN_FRAMEWORK_HEADER = YES;
				CLANG_WARN_RANGE_LOOP_ANALYSIS = YES;
				CLANG_WARN_STRICT_PROTOTYPES = YES;
				CLANG_WARN_SUSPICIOUS_MOVE = YES;
				CLANG_WARN_UNGUARDED_AVAILABILITY = YES_AGGRESSIVE;
				CLANG_WARN_UNREACHABLE_CODE = YES;
				CLANG_WARN__DUPLICATE_METHOD_MATCH = YES;
				COPY_PHASE_STRIP = NO;
				DEBUG_INFORMATION_FORMAT = "dwarf-with-dsym";
				ENABLE_NS_ASSERTIONS = NO;
				ENABLE_STRICT_OBJC_MSGSEND = YES;
				GCC_C_LANGUAGE_STANDARD = gnu11;
				GCC_NO_COMMON_BLOCKS = YES;
				GCC_WARN_64_TO_32_BIT_CONVERSION = YES;
				GCC_WARN_ABOUT_RETURN_TYPE = YES_ERROR;
				GCC_WARN_UNDECLARED_SELECTOR = YES;
				GCC_WARN_UNINITIALIZED_AUTOS = YES_AGGRESSIVE;
				GCC_WARN_UNUSED_FUNCTION = YES;
				GCC_WARN_UNUSED_VARIABLE = YES;
				IPHONEOS_DEPLOYMENT_TARGET = 16.4;
				MTL_ENABLE_DEBUG_INFO = NO;
				MTL_FAST_MATH = YES;
				SDKROOT = iphoneos;
				SWIFT_COMPILATION_MODE = wholemodule;
				SWIFT_OPTIMIZATION_LEVEL = "-O";
				VALIDATE_PRODUCT = YES;
			};
			name = Release;
		};
		C749340C2A72326A000C0BCD /* Debug */ = {
			isa = XCBuildConfiguration;
			buildSettings = {
				ASSETCATALOG_COMPILER_APPICON_NAME = AppIcon;
				ASSETCATALOG_COMPILER_GLOBAL_ACCENT_COLOR_NAME = AccentColor;
				CODE_SIGN_STYLE = Automatic;
				CURRENT_PROJECT_VERSION = 1;
				DEVELOPMENT_ASSET_PATHS = "\"Estee Lauder/Preview Content\"";
				ENABLE_PREVIEWS = YES;
				GENERATE_INFOPLIST_FILE = YES;
				INFOPLIST_FILE = "Estee-Lauder-Info.plist";
				INFOPLIST_KEY_UIApplicationSceneManifest_Generation = YES;
				INFOPLIST_KEY_UIApplicationSupportsIndirectInputEvents = YES;
				INFOPLIST_KEY_UILaunchScreen_Generation = YES;
				INFOPLIST_KEY_UISupportedInterfaceOrientations_iPad = "UIInterfaceOrientationPortrait UIInterfaceOrientationPortraitUpsideDown UIInterfaceOrientationLandscapeLeft UIInterfaceOrientationLandscapeRight";
				INFOPLIST_KEY_UISupportedInterfaceOrientations_iPhone = "UIInterfaceOrientationPortrait UIInterfaceOrientationLandscapeLeft UIInterfaceOrientationLandscapeRight";
				LD_RUNPATH_SEARCH_PATHS = (
					"$(inherited)",
					"@executable_path/Frameworks",
				);
				MARKETING_VERSION = 1.0;
				PRODUCT_BUNDLE_IDENTIFIER = "kwk.Estee-Lauder";
				PRODUCT_NAME = "$(TARGET_NAME)";
				SWIFT_EMIT_LOC_STRINGS = YES;
				SWIFT_VERSION = 5.0;
				TARGETED_DEVICE_FAMILY = "1,2";
			};
			name = Debug;
		};
		C749340D2A72326A000C0BCD /* Release */ = {
			isa = XCBuildConfiguration;
			buildSettings = {
				ASSETCATALOG_COMPILER_APPICON_NAME = AppIcon;
				ASSETCATALOG_COMPILER_GLOBAL_ACCENT_COLOR_NAME = AccentColor;
				CODE_SIGN_STYLE = Automatic;
				CURRENT_PROJECT_VERSION = 1;
				DEVELOPMENT_ASSET_PATHS = "\"Estee Lauder/Preview Content\"";
				ENABLE_PREVIEWS = YES;
				GENERATE_INFOPLIST_FILE = YES;
				INFOPLIST_FILE = "Estee-Lauder-Info.plist";
				INFOPLIST_KEY_UIApplicationSceneManifest_Generation = YES;
				INFOPLIST_KEY_UIApplicationSupportsIndirectInputEvents = YES;
				INFOPLIST_KEY_UILaunchScreen_Generation = YES;
				INFOPLIST_KEY_UISupportedInterfaceOrientations_iPad = "UIInterfaceOrientationPortrait UIInterfaceOrientationPortraitUpsideDown UIInterfaceOrientationLandscapeLeft UIInterfaceOrientationLandscapeRight";
				INFOPLIST_KEY_UISupportedInterfaceOrientations_iPhone = "UIInterfaceOrientationPortrait UIInterfaceOrientationLandscapeLeft UIInterfaceOrientationLandscapeRight";
				LD_RUNPATH_SEARCH_PATHS = (
					"$(inherited)",
					"@executable_path/Frameworks",
				);
				MARKETING_VERSION = 1.0;
				PRODUCT_BUNDLE_IDENTIFIER = "kwk.Estee-Lauder";
				PRODUCT_NAME = "$(TARGET_NAME)";
				SWIFT_EMIT_LOC_STRINGS = YES;
				SWIFT_VERSION = 5.0;
				TARGETED_DEVICE_FAMILY = "1,2";
			};
			name = Release;
		};
		C749340F2A72326A000C0BCD /* Debug */ = {
			isa = XCBuildConfiguration;
			buildSettings = {
				ALWAYS_EMBED_SWIFT_STANDARD_LIBRARIES = YES;
				BUNDLE_LOADER = "$(TEST_HOST)";
				CODE_SIGN_STYLE = Automatic;
				CURRENT_PROJECT_VERSION = 1;
				GENERATE_INFOPLIST_FILE = YES;
				IPHONEOS_DEPLOYMENT_TARGET = 16.4;
				MARKETING_VERSION = 1.0;
				PRODUCT_BUNDLE_IDENTIFIER = "kwk.Estee-LauderTests";
				PRODUCT_NAME = "$(TARGET_NAME)";
				SWIFT_EMIT_LOC_STRINGS = NO;
				SWIFT_VERSION = 5.0;
				TARGETED_DEVICE_FAMILY = "1,2";
				TEST_HOST = "$(BUILT_PRODUCTS_DIR)/Estee Lauder.app/$(BUNDLE_EXECUTABLE_FOLDER_PATH)/Estee Lauder";
			};
			name = Debug;
		};
		C74934102A72326A000C0BCD /* Release */ = {
			isa = XCBuildConfiguration;
			buildSettings = {
				ALWAYS_EMBED_SWIFT_STANDARD_LIBRARIES = YES;
				BUNDLE_LOADER = "$(TEST_HOST)";
				CODE_SIGN_STYLE = Automatic;
				CURRENT_PROJECT_VERSION = 1;
				GENERATE_INFOPLIST_FILE = YES;
				IPHONEOS_DEPLOYMENT_TARGET = 16.4;
				MARKETING_VERSION = 1.0;
				PRODUCT_BUNDLE_IDENTIFIER = "kwk.Estee-LauderTests";
				PRODUCT_NAME = "$(TARGET_NAME)";
				SWIFT_EMIT_LOC_STRINGS = NO;
				SWIFT_VERSION = 5.0;
				TARGETED_DEVICE_FAMILY = "1,2";
				TEST_HOST = "$(BUILT_PRODUCTS_DIR)/Estee Lauder.app/$(BUNDLE_EXECUTABLE_FOLDER_PATH)/Estee Lauder";
			};
			name = Release;
		};
		C74934122A72326A000C0BCD /* Debug */ = {
			isa = XCBuildConfiguration;
			buildSettings = {
				ALWAYS_EMBED_SWIFT_STANDARD_LIBRARIES = YES;
				CODE_SIGN_STYLE = Automatic;
				CURRENT_PROJECT_VERSION = 1;
				GENERATE_INFOPLIST_FILE = YES;
				MARKETING_VERSION = 1.0;
				PRODUCT_BUNDLE_IDENTIFIER = "kwk.Estee-LauderUITests";
				PRODUCT_NAME = "$(TARGET_NAME)";
				SWIFT_EMIT_LOC_STRINGS = NO;
				SWIFT_VERSION = 5.0;
				TARGETED_DEVICE_FAMILY = "1,2";
				TEST_TARGET_NAME = "Estee Lauder";
			};
			name = Debug;
		};
		C74934132A72326A000C0BCD /* Release */ = {
			isa = XCBuildConfiguration;
			buildSettings = {
				ALWAYS_EMBED_SWIFT_STANDARD_LIBRARIES = YES;
				CODE_SIGN_STYLE = Automatic;
				CURRENT_PROJECT_VERSION = 1;
				GENERATE_INFOPLIST_FILE = YES;
				MARKETING_VERSION = 1.0;
				PRODUCT_BUNDLE_IDENTIFIER = "kwk.Estee-LauderUITests";
				PRODUCT_NAME = "$(TARGET_NAME)";
				SWIFT_EMIT_LOC_STRINGS = NO;
				SWIFT_VERSION = 5.0;
				TARGETED_DEVICE_FAMILY = "1,2";
				TEST_TARGET_NAME = "Estee Lauder";
			};
			name = Release;
		};
/* End XCBuildConfiguration section */

/* Begin XCConfigurationList section */
		C74933E22A723268000C0BCD /* Build configuration list for PBXProject "Estee Lauder" */ = {
			isa = XCConfigurationList;
			buildConfigurations = (
				C74934092A72326A000C0BCD /* Debug */,
				C749340A2A72326A000C0BCD /* Release */,
			);
			defaultConfigurationIsVisible = 0;
			defaultConfigurationName = Release;
		};
		C749340B2A72326A000C0BCD /* Build configuration list for PBXNativeTarget "Estee Lauder" */ = {
			isa = XCConfigurationList;
			buildConfigurations = (
				C749340C2A72326A000C0BCD /* Debug */,
				C749340D2A72326A000C0BCD /* Release */,
			);
			defaultConfigurationIsVisible = 0;
			defaultConfigurationName = Release;
		};
		C749340E2A72326A000C0BCD /* Build configuration list for PBXNativeTarget "Estee LauderTests" */ = {
			isa = XCConfigurationList;
			buildConfigurations = (
				C749340F2A72326A000C0BCD /* Debug */,
				C74934102A72326A000C0BCD /* Release */,
			);
			defaultConfigurationIsVisible = 0;
			defaultConfigurationName = Release;
		};
		C74934112A72326A000C0BCD /* Build configuration list for PBXNativeTarget "Estee LauderUITests" */ = {
			isa = XCConfigurationList;
			buildConfigurations = (
				C74934122A72326A000C0BCD /* Debug */,
				C74934132A72326A000C0BCD /* Release */,
			);
			defaultConfigurationIsVisible = 0;
			defaultConfigurationName = Release;
		};
/* End XCConfigurationList section */
	};
	rootObject = C74933DF2A723268000C0BCD /* Project object */;
}
